
Microsoft Visual Studio Solution File, Format Version 12.00
# Visual Studio Version 17
VisualStudioVersion = 17.2.32630.192
MinimumVisualStudioVersion = 10.0.40219.1
Project("{FAE04EC0-301F-11D3-BF4B-00C04F79EFBC}") = "Pedidos", "Pedidos\Pedidos.csproj", "{CEDF2232-8A01-4864-A90C-555837957001}"
EndProject
Global
	GlobalSection(SolutionConfigurationPlatforms) = preSolution
		Debug|Any CPU = Debug|Any CPU
		Release|Any CPU = Release|Any CPU
	EndGlobalSection
	GlobalSection(ProjectConfigurationPlatforms) = postSolution
		{CEDF2232-8A01-4864-A90C-555837957001}.Debug|Any CPU.ActiveCfg = Debug|Any CPU
		{CEDF2232-8A01-4864-A90C-555837957001}.Debug|Any CPU.Build.0 = Debug|Any CPU
		{CEDF2232-8A01-4864-A90C-555837957001}.Release|Any CPU.ActiveCfg = Release|Any CPU
		{CEDF2232-8A01-4864-A90C-555837957001}.Release|Any CPU.Build.0 = Release|Any CPU
	EndGlobalSection
	GlobalSection(SolutionProperties) = preSolution
		HideSolutionNode = FALSE
	EndGlobalSection
	GlobalSection(ExtensibilityGlobals) = postSolution
		SolutionGuid = {96306624-5DC2-473B-A950-C2F3B1B6DF9B}
	EndGlobalSection
EndGlobal
